
Microsoft Visual Studio Solution File, Format Version 12.00
# Visual Studio 15
VisualStudioVersion = 15.0.27703.2018
MinimumVisualStudioVersion = 10.0.40219.1
Project("{FAE04EC0-301F-11D3-BF4B-00C04F79EFBC}") = "MongoDBDemo", "MongoDBDemo\MongoDBDemo.csproj", "{0063D220-D7AC-4F4B-B88E-AF0A6B1C9070}"
EndProject
Global
	GlobalSection(SolutionConfigurationPlatforms) = preSolution
		Debug|Any CPU = Debug|Any CPU
		Release|Any CPU = Release|Any CPU
	EndGlobalSection
	GlobalSection(ProjectConfigurationPlatforms) = postSolution
		{0063D220-D7AC-4F4B-B88E-AF0A6B1C9070}.Debug|Any CPU.ActiveCfg = Debug|Any CPU
		{0063D220-D7AC-4F4B-B88E-AF0A6B1C9070}.Debug|Any CPU.Build.0 = Debug|Any CPU
		{0063D220-D7AC-4F4B-B88E-AF0A6B1C9070}.Release|Any CPU.ActiveCfg = Release|Any CPU
		{0063D220-D7AC-4F4B-B88E-AF0A6B1C9070}.Release|Any CPU.Build.0 = Release|Any CPU
	EndGlobalSection
	GlobalSection(SolutionProperties) = preSolution
		HideSolutionNode = FALSE
	EndGlobalSection
	GlobalSection(ExtensibilityGlobals) = postSolution
		SolutionGuid = {65E50739-4D6F-4F45-A72E-3622D291EBD1}
	EndGlobalSection
EndGlobal
